// !$*UTF8*$!
{
	archiveVersion = 1;
	classes = {
	};
	objectVersion = 55;
	objects = {

/* Begin PBXBuildFile section */
		F210C752290B263600D27609 /* LoadData.swift in Sources */ = {isa = PBXBuildFile; fileRef = F210C751290B263600D27609 /* LoadData.swift */; };
		F210C754290B363500D27609 /* UserView.swift in Sources */ = {isa = PBXBuildFile; fileRef = F210C753290B363500D27609 /* UserView.swift */; };
		F210C766290B43EA00D27609 /* DataController.swift in Sources */ = {isa = PBXBuildFile; fileRef = F210C765290B43EA00D27609 /* DataController.swift */; };
		F2308B0228F4DC7500602699 /* Day60App.swift in Sources */ = {isa = PBXBuildFile; fileRef = F2308B0128F4DC7500602699 /* Day60App.swift */; };
		F2308B0428F4DC7500602699 /* ContentView.swift in Sources */ = {isa = PBXBuildFile; fileRef = F2308B0328F4DC7500602699 /* ContentView.swift */; };
		F2308B0628F4DC7900602699 /* Assets.xcassets in Resources */ = {isa = PBXBuildFile; fileRef = F2308B0528F4DC7900602699 /* Assets.xcassets */; };
		F2308B0928F4DC7900602699 /* Preview Assets.xcassets in Resources */ = {isa = PBXBuildFile; fileRef = F2308B0828F4DC7900602699 /* Preview Assets.xcassets */; };
		F2308B1028F4E46000602699 /* User.swift in Sources */ = {isa = PBXBuildFile; fileRef = F2308B0F28F4E46000602699 /* User.swift */; };
		F23D794728F58FB500C49A36 /* DetailUserView.swift in Sources */ = {isa = PBXBuildFile; fileRef = F23D794628F58FB500C49A36 /* DetailUserView.swift */; };
		F24EA12928FF53B9001A7F2A /* Day61Project.xcdatamodeld in Sources */ = {isa = PBXBuildFile; fileRef = F24EA12728FF53B9001A7F2A /* Day61Project.xcdatamodeld */; };
		F285B357290B46F900AE3EDF /* CachedFriend+CoreDataClass.swift in Sources */ = {isa = PBXBuildFile; fileRef = F285B353290B46F900AE3EDF /* CachedFriend+CoreDataClass.swift */; };
		F285B358290B46F900AE3EDF /* CachedFriend+CoreDataProperties.swift in Sources */ = {isa = PBXBuildFile; fileRef = F285B354290B46F900AE3EDF /* CachedFriend+CoreDataProperties.swift */; };
		F285B359290B46F900AE3EDF /* CachedUser+CoreDataClass.swift in Sources */ = {isa = PBXBuildFile; fileRef = F285B355290B46F900AE3EDF /* CachedUser+CoreDataClass.swift */; };
		F285B35A290B46F900AE3EDF /* CachedUser+CoreDataProperties.swift in Sources */ = {isa = PBXBuildFile; fileRef = F285B356290B46F900AE3EDF /* CachedUser+CoreDataProperties.swift */; };
/* End PBXBuildFile section */

/* Begin PBXFileReference section */
		F210C751290B263600D27609 /* LoadData.swift */ = {isa = PBXFileReference; lastKnownFileType = sourcecode.swift; path = LoadData.swift; sourceTree = "<group>"; };
		F210C753290B363500D27609 /* UserView.swift */ = {isa = PBXFileReference; lastKnownFileType = sourcecode.swift; path = UserView.swift; sourceTree = "<group>"; };
		F210C765290B43EA00D27609 /* DataController.swift */ = {isa = PBXFileReference; lastKnownFileType = sourcecode.swift; path = DataController.swift; sourceTree = "<group>"; };
		F2308AFE28F4DC7500602699 /* Day60.app */ = {isa = PBXFileReference; explicitFileType = wrapper.application; includeInIndex = 0; path = Day60.app; sourceTree = BUILT_PRODUCTS_DIR; };
		F2308B0128F4DC7500602699 /* Day60App.swift */ = {isa = PBXFileReference; lastKnownFileType = sourcecode.swift; path = Day60App.swift; sourceTree = "<group>"; };
		F2308B0328F4DC7500602699 /* ContentView.swift */ = {isa = PBXFileReference; lastKnownFileType = sourcecode.swift; path = ContentView.swift; sourceTree = "<group>"; };
		F2308B0528F4DC7900602699 /* Assets.xcassets */ = {isa = PBXFileReference; lastKnownFileType = folder.assetcatalog; path = Assets.xcassets; sourceTree = "<group>"; };
		F2308B0828F4DC7900602699 /* Preview Assets.xcassets */ = {isa = PBXFileReference; lastKnownFileType = folder.assetcatalog; path = "Preview Assets.xcassets"; sourceTree = "<group>"; };
		F2308B0F28F4E46000602699 /* User.swift */ = {isa = PBXFileReference; lastKnownFileType = sourcecode.swift; path = User.swift; sourceTree = "<group>"; };
		F23D794628F58FB500C49A36 /* DetailUserView.swift */ = {isa = PBXFileReference; lastKnownFileType = sourcecode.swift; path = DetailUserView.swift; sourceTree = "<group>"; };
		F24EA12828FF53B9001A7F2A /* Day61Project.xcdatamodel */ = {isa = PBXFileReference; lastKnownFileType = wrapper.xcdatamodel; path = Day61Project.xcdatamodel; sourceTree = "<group>"; };
		F285B353290B46F900AE3EDF /* CachedFriend+CoreDataClass.swift */ = {isa = PBXFileReference; lastKnownFileType = sourcecode.swift; path = "CachedFriend+CoreDataClass.swift"; sourceTree = "<group>"; };
		F285B354290B46F900AE3EDF /* CachedFriend+CoreDataProperties.swift */ = {isa = PBXFileReference; lastKnownFileType = sourcecode.swift; path = "CachedFriend+CoreDataProperties.swift"; sourceTree = "<group>"; };
		F285B355290B46F900AE3EDF /* CachedUser+CoreDataClass.swift */ = {isa = PBXFileReference; lastKnownFileType = sourcecode.swift; path = "CachedUser+CoreDataClass.swift"; sourceTree = "<group>"; };
		F285B356290B46F900AE3EDF /* CachedUser+CoreDataProperties.swift */ = {isa = PBXFileReference; lastKnownFileType = sourcecode.swift; path = "CachedUser+CoreDataProperties.swift"; sourceTree = "<group>"; };
/* End PBXFileReference section */

/* Begin PBXFrameworksBuildPhase section */
		F2308AFB28F4DC7500602699 /* Frameworks */ = {
			isa = PBXFrameworksBuildPhase;
			buildActionMask = 2147483647;
			files = (
			);
			runOnlyForDeploymentPostprocessing = 0;
		};
/* End PBXFrameworksBuildPhase section */

/* Begin PBXGroup section */
		F2308AF528F4DC7500602699 = {
			isa = PBXGroup;
			children = (
				F2308B0028F4DC7500602699 /* Day60 */,
				F2308AFF28F4DC7500602699 /* Products */,
			);
			sourceTree = "<group>";
		};
		F2308AFF28F4DC7500602699 /* Products */ = {
			isa = PBXGroup;
			children = (
				F2308AFE28F4DC7500602699 /* Day60.app */,
			);
			name = Products;
			sourceTree = "<group>";
		};
		F2308B0028F4DC7500602699 /* Day60 */ = {
			isa = PBXGroup;
			children = (
				F2308B0128F4DC7500602699 /* Day60App.swift */,
				F24EA12728FF53B9001A7F2A /* Day61Project.xcdatamodeld */,
				F210C765290B43EA00D27609 /* DataController.swift */,
				F285B351290B45EE00AE3EDF /* DataCore */,
				F285B352290B45F600AE3EDF /* View */,
				F210C751290B263600D27609 /* LoadData.swift */,
				F2308B0F28F4E46000602699 /* User.swift */,
				F2308B0528F4DC7900602699 /* Assets.xcassets */,
				F2308B0728F4DC7900602699 /* Preview Content */,
			);
			path = Day60;
			sourceTree = "<group>";
		};
		F2308B0728F4DC7900602699 /* Preview Content */ = {
			isa = PBXGroup;
			children = (
				F2308B0828F4DC7900602699 /* Preview Assets.xcassets */,
			);
			path = "Preview Content";
			sourceTree = "<group>";
		};
		F285B351290B45EE00AE3EDF /* DataCore */ = {
			isa = PBXGroup;
			children = (
				F285B353290B46F900AE3EDF /* CachedFriend+CoreDataClass.swift */,
				F285B354290B46F900AE3EDF /* CachedFriend+CoreDataProperties.swift */,
				F285B355290B46F900AE3EDF /* CachedUser+CoreDataClass.swift */,
				F285B356290B46F900AE3EDF /* CachedUser+CoreDataProperties.swift */,
			);
			path = DataCore;
			sourceTree = "<group>";
		};
		F285B352290B45F600AE3EDF /* View */ = {
			isa = PBXGroup;
			children = (
				F2308B0328F4DC7500602699 /* ContentView.swift */,
				F210C753290B363500D27609 /* UserView.swift */,
				F23D794628F58FB500C49A36 /* DetailUserView.swift */,
			);
			path = View;
			sourceTree = "<group>";
		};
/* End PBXGroup section */

/* Begin PBXNativeTarget section */
		F2308AFD28F4DC7500602699 /* Day60 */ = {
			isa = PBXNativeTarget;
			buildConfigurationList = F2308B0C28F4DC7900602699 /* Build configuration list for PBXNativeTarget "Day60" */;
			buildPhases = (
				F2308AFA28F4DC7500602699 /* Sources */,
				F2308AFB28F4DC7500602699 /* Frameworks */,
				F2308AFC28F4DC7500602699 /* Resources */,
			);
			buildRules = (
			);
			dependencies = (
			);
			name = Day60;
			productName = Day60;
			productReference = F2308AFE28F4DC7500602699 /* Day60.app */;
			productType = "com.apple.product-type.application";
		};
/* End PBXNativeTarget section */

/* Begin PBXProject section */
		F2308AF628F4DC7500602699 /* Project object */ = {
			isa = PBXProject;
			attributes = {
				BuildIndependentTargetsInParallel = 1;
				LastSwiftUpdateCheck = 1340;
				LastUpgradeCheck = 1340;
				TargetAttributes = {
					F2308AFD28F4DC7500602699 = {
						CreatedOnToolsVersion = 13.4.1;
					};
				};
			};
			buildConfigurationList = F2308AF928F4DC7500602699 /* Build configuration list for PBXProject "Day60" */;
			compatibilityVersion = "Xcode 13.0";
			developmentRegion = en;
			hasScannedForEncodings = 0;
			knownRegions = (
				en,
				Base,
			);
			mainGroup = F2308AF528F4DC7500602699;
			productRefGroup = F2308AFF28F4DC7500602699 /* Products */;
			projectDirPath = "";
			projectRoot = "";
			targets = (
				F2308AFD28F4DC7500602699 /* Day60 */,
			);
		};
/* End PBXProject section */

/* Begin PBXResourcesBuildPhase section */
		F2308AFC28F4DC7500602699 /* Resources */ = {
			isa = PBXResourcesBuildPhase;
			buildActionMask = 2147483647;
			files = (
				F2308B0928F4DC7900602699 /* Preview Assets.xcassets in Resources */,
				F2308B0628F4DC7900602699 /* Assets.xcassets in Resources */,
			);
			runOnlyForDeploymentPostprocessing = 0;
		};
/* End PBXResourcesBuildPhase section */

/* Begin PBXSourcesBuildPhase section */
		F2308AFA28F4DC7500602699 /* Sources */ = {
			isa = PBXSourcesBuildPhase;
			buildActionMask = 2147483647;
			files = (
				F285B357290B46F900AE3EDF /* CachedFriend+CoreDataClass.swift in Sources */,
				F285B358290B46F900AE3EDF /* CachedFriend+CoreDataProperties.swift in Sources */,
				F210C754290B363500D27609 /* UserView.swift in Sources */,
				F210C766290B43EA00D27609 /* DataController.swift in Sources */,
				F285B35A290B46F900AE3EDF /* CachedUser+CoreDataProperties.swift in Sources */,
				F2308B0428F4DC7500602699 /* ContentView.swift in Sources */,
				F210C752290B263600D27609 /* LoadData.swift in Sources */,
				F2308B0228F4DC7500602699 /* Day60App.swift in Sources */,
				F2308B1028F4E46000602699 /* User.swift in Sources */,
				F285B359290B46F900AE3EDF /* CachedUser+CoreDataClass.swift in Sources */,
				F24EA12928FF53B9001A7F2A /* Day61Project.xcdatamodeld in Sources */,
				F23D794728F58FB500C49A36 /* DetailUserView.swift in Sources */,
			);
			runOnlyForDeploymentPostprocessing = 0;
		};
/* End PBXSourcesBuildPhase section */

/* Begin XCBuildConfiguration section */
		F2308B0A28F4DC7900602699 /* Debug */ = {
			isa = XCBuildConfiguration;
			buildSettings = {
				ALWAYS_SEARCH_USER_PATHS = NO;
				CLANG_ANALYZER_NONNULL = YES;
				CLANG_ANALYZER_NUMBER_OBJECT_CONVERSION = YES_AGGRESSIVE;
				CLANG_CXX_LANGUAGE_STANDARD = "gnu++17";
				CLANG_ENABLE_MODULES = YES;
				CLANG_ENABLE_OBJC_ARC = YES;
				CLANG_ENABLE_OBJC_WEAK = YES;
				CLANG_WARN_BLOCK_CAPTURE_AUTORELEASING = YES;
				CLANG_WARN_BOOL_CONVERSION = YES;
				CLANG_WARN_COMMA = YES;
				CLANG_WARN_CONSTANT_CONVERSION = YES;
				CLANG_WARN_DEPRECATED_OBJC_IMPLEMENTATIONS = YES;
				CLANG_WARN_DIRECT_OBJC_ISA_USAGE = YES_ERROR;
				CLANG_WARN_DOCUMENTATION_COMMENTS = YES;
				CLANG_WARN_EMPTY_BODY = YES;
				CLANG_WARN_ENUM_CONVERSION = YES;
				CLANG_WARN_INFINITE_RECURSION = YES;
				CLANG_WARN_INT_CONVERSION = YES;
				CLANG_WARN_NON_LITERAL_NULL_CONVERSION = YES;
				CLANG_WARN_OBJC_IMPLICIT_RETAIN_SELF = YES;
				CLANG_WARN_OBJC_LITERAL_CONVERSION = YES;
				CLANG_WARN_OBJC_ROOT_CLASS = YES_ERROR;
				CLANG_WARN_QUOTED_INCLUDE_IN_FRAMEWORK_HEADER = YES;
				CLANG_WARN_RANGE_LOOP_ANALYSIS = YES;
				CLANG_WARN_STRICT_PROTOTYPES = YES;
				CLANG_WARN_SUSPICIOUS_MOVE = YES;
				CLANG_WARN_UNGUARDED_AVAILABILITY = YES_AGGRESSIVE;
				CLANG_WARN_UNREACHABLE_CODE = YES;
				CLANG_WARN__DUPLICATE_METHOD_MATCH = YES;
				COPY_PHASE_STRIP = NO;
				DEBUG_INFORMATION_FORMAT = dwarf;
				ENABLE_STRICT_OBJC_MSGSEND = YES;
				ENABLE_TESTABILITY = YES;
				GCC_C_LANGUAGE_STANDARD = gnu11;
				GCC_DYNAMIC_NO_PIC = NO;
				GCC_NO_COMMON_BLOCKS = YES;
				GCC_OPTIMIZATION_LEVEL = 0;
				GCC_PREPROCESSOR_DEFINITIONS = (
					"DEBUG=1",
					"$(inherited)",
				);
				GCC_WARN_64_TO_32_BIT_CONVERSION = YES;
				GCC_WARN_ABOUT_RETURN_TYPE = YES_ERROR;
				GCC_WARN_UNDECLARED_SELECTOR = YES;
				GCC_WARN_UNINITIALIZED_AUTOS = YES_AGGRESSIVE;
				GCC_WARN_UNUSED_FUNCTION = YES;
				GCC_WARN_UNUSED_VARIABLE = YES;
				IPHONEOS_DEPLOYMENT_TARGET = 15.5;
				MTL_ENABLE_DEBUG_INFO = INCLUDE_SOURCE;
				MTL_FAST_MATH = YES;
				ONLY_ACTIVE_ARCH = YES;
				SDKROOT = iphoneos;
				SWIFT_ACTIVE_COMPILATION_CONDITIONS = DEBUG;
				SWIFT_OPTIMIZATION_LEVEL = "-Onone";
			};
			name = Debug;
		};
		F2308B0B28F4DC7900602699 /* Release */ = {
			isa = XCBuildConfiguration;
			buildSettings = {
				ALWAYS_SEARCH_USER_PATHS = NO;
				CLANG_ANALYZER_NONNULL = YES;
				CLANG_ANALYZER_NUMBER_OBJECT_CONVERSION = YES_AGGRESSIVE;
				CLANG_CXX_LANGUAGE_STANDARD = "gnu++17";
				CLANG_ENABLE_MODULES = YES;
				CLANG_ENABLE_OBJC_ARC = YES;
				CLANG_ENABLE_OBJC_WEAK = YES;
				CLANG_WARN_BLOCK_CAPTURE_AUTORELEASING = YES;
				CLANG_WARN_BOOL_CONVERSION = YES;
				CLANG_WARN_COMMA = YES;
				CLANG_WARN_CONSTANT_CONVERSION = YES;
				CLANG_WARN_DEPRECATED_OBJC_IMPLEMENTATIONS = YES;
				CLANG_WARN_DIRECT_OBJC_ISA_USAGE = YES_ERROR;
				CLANG_WARN_DOCUMENTATION_COMMENTS = YES;
				CLANG_WARN_EMPTY_BODY = YES;
				CLANG_WARN_ENUM_CONVERSION = YES;
				CLANG_WARN_INFINITE_RECURSION = YES;
				CLANG_WARN_INT_CONVERSION = YES;
				CLANG_WARN_NON_LITERAL_NULL_CONVERSION = YES;
				CLANG_WARN_OBJC_IMPLICIT_RETAIN_SELF = YES;
				CLANG_WARN_OBJC_LITERAL_CONVERSION = YES;
				CLANG_WARN_OBJC_ROOT_CLASS = YES_ERROR;
				CLANG_WARN_QUOTED_INCLUDE_IN_FRAMEWORK_HEADER = YES;
				CLANG_WARN_RANGE_LOOP_ANALYSIS = YES;
				CLANG_WARN_STRICT_PROTOTYPES = YES;
				CLANG_WARN_SUSPICIOUS_MOVE = YES;
				CLANG_WARN_UNGUARDED_AVAILABILITY = YES_AGGRESSIVE;
				CLANG_WARN_UNREACHABLE_CODE = YES;
				CLANG_WARN__DUPLICATE_METHOD_MATCH = YES;
				COPY_PHASE_STRIP = NO;
				DEBUG_INFORMATION_FORMAT = "dwarf-with-dsym";
				ENABLE_NS_ASSERTIONS = NO;
				ENABLE_STRICT_OBJC_MSGSEND = YES;
				GCC_C_LANGUAGE_STANDARD = gnu11;
				GCC_NO_COMMON_BLOCKS = YES;
				GCC_WARN_64_TO_32_BIT_CONVERSION = YES;
				GCC_WARN_ABOUT_RETURN_TYPE = YES_ERROR;
				GCC_WARN_UNDECLARED_SELECTOR = YES;
				GCC_WARN_UNINITIALIZED_AUTOS = YES_AGGRESSIVE;
				GCC_WARN_UNUSED_FUNCTION = YES;
				GCC_WARN_UNUSED_VARIABLE = YES;
				IPHONEOS_DEPLOYMENT_TARGET = 15.5;
				MTL_ENABLE_DEBUG_INFO = NO;
				MTL_FAST_MATH = YES;
				SDKROOT = iphoneos;
				SWIFT_COMPILATION_MODE = wholemodule;
				SWIFT_OPTIMIZATION_LEVEL = "-O";
				VALIDATE_PRODUCT = YES;
			};
			name = Release;
		};
		F2308B0D28F4DC7900602699 /* Debug */ = {
			isa = XCBuildConfiguration;
			buildSettings = {
				ASSETCATALOG_COMPILER_APPICON_NAME = AppIcon;
				ASSETCATALOG_COMPILER_GLOBAL_ACCENT_COLOR_NAME = AccentColor;
				CODE_SIGN_STYLE = Automatic;
				CURRENT_PROJECT_VERSION = 1;
				DEVELOPMENT_ASSET_PATHS = "\"Day60/Preview Content\"";
				DEVELOPMENT_TEAM = 5S5KN37TLG;
				ENABLE_PREVIEWS = YES;
				GENERATE_INFOPLIST_FILE = YES;
				INFOPLIST_KEY_UIApplicationSceneManifest_Generation = YES;
				INFOPLIST_KEY_UIApplicationSupportsIndirectInputEvents = YES;
				INFOPLIST_KEY_UILaunchScreen_Generation = YES;
				INFOPLIST_KEY_UISupportedInterfaceOrientations_iPad = "UIInterfaceOrientationPortrait UIInterfaceOrientationPortraitUpsideDown UIInterfaceOrientationLandscapeLeft UIInterfaceOrientationLandscapeRight";
				INFOPLIST_KEY_UISupportedInterfaceOrientations_iPhone = "UIInterfaceOrientationPortrait UIInterfaceOrientationLandscapeLeft UIInterfaceOrientationLandscapeRight";
				LD_RUNPATH_SEARCH_PATHS = (
					"$(inherited)",
					"@executable_path/Frameworks",
				);
				MARKETING_VERSION = 1.0;
				PRODUCT_BUNDLE_IDENTIFIER = Deraldo.Day60;
				PRODUCT_NAME = "$(TARGET_NAME)";
				SWIFT_EMIT_LOC_STRINGS = YES;
				SWIFT_VERSION = 5.0;
				TARGETED_DEVICE_FAMILY = "1,2";
			};
			name = Debug;
		};
		F2308B0E28F4DC7900602699 /* Release */ = {
			isa = XCBuildConfiguration;
			buildSettings = {
				ASSETCATALOG_COMPILER_APPICON_NAME = AppIcon;
				ASSETCATALOG_COMPILER_GLOBAL_ACCENT_COLOR_NAME = AccentColor;
				CODE_SIGN_STYLE = Automatic;
				CURRENT_PROJECT_VERSION = 1;
				DEVELOPMENT_ASSET_PATHS = "\"Day60/Preview Content\"";
				DEVELOPMENT_TEAM = 5S5KN37TLG;
				ENABLE_PREVIEWS = YES;
				GENERATE_INFOPLIST_FILE = YES;
				INFOPLIST_KEY_UIApplicationSceneManifest_Generation = YES;
				INFOPLIST_KEY_UIApplicationSupportsIndirectInputEvents = YES;
				INFOPLIST_KEY_UILaunchScreen_Generation = YES;
				INFOPLIST_KEY_UISupportedInterfaceOrientations_iPad = "UIInterfaceOrientationPortrait UIInterfaceOrientationPortraitUpsideDown UIInterfaceOrientationLandscapeLeft UIInterfaceOrientationLandscapeRight";
				INFOPLIST_KEY_UISupportedInterfaceOrientations_iPhone = "UIInterfaceOrientationPortrait UIInterfaceOrientationLandscapeLeft UIInterfaceOrientationLandscapeRight";
				LD_RUNPATH_SEARCH_PATHS = (
					"$(inherited)",
					"@executable_path/Frameworks",
				);
				MARKETING_VERSION = 1.0;
				PRODUCT_BUNDLE_IDENTIFIER = Deraldo.Day60;
				PRODUCT_NAME = "$(TARGET_NAME)";
				SWIFT_EMIT_LOC_STRINGS = YES;
				SWIFT_VERSION = 5.0;
				TARGETED_DEVICE_FAMILY = "1,2";
			};
			name = Release;
		};
/* End XCBuildConfiguration section */

/* Begin XCConfigurationList section */
		F2308AF928F4DC7500602699 /* Build configuration list for PBXProject "Day60" */ = {
			isa = XCConfigurationList;
			buildConfigurations = (
				F2308B0A28F4DC7900602699 /* Debug */,
				F2308B0B28F4DC7900602699 /* Release */,
			);
			defaultConfigurationIsVisible = 0;
			defaultConfigurationName = Release;
		};
		F2308B0C28F4DC7900602699 /* Build configuration list for PBXNativeTarget "Day60" */ = {
			isa = XCConfigurationList;
			buildConfigurations = (
				F2308B0D28F4DC7900602699 /* Debug */,
				F2308B0E28F4DC7900602699 /* Release */,
			);
			defaultConfigurationIsVisible = 0;
			defaultConfigurationName = Release;
		};
/* End XCConfigurationList section */

/* Begin XCVersionGroup section */
		F24EA12728FF53B9001A7F2A /* Day61Project.xcdatamodeld */ = {
			isa = XCVersionGroup;
			children = (
				F24EA12828FF53B9001A7F2A /* Day61Project.xcdatamodel */,
			);
			currentVersion = F24EA12828FF53B9001A7F2A /* Day61Project.xcdatamodel */;
			path = Day61Project.xcdatamodeld;
			sourceTree = "<group>";
			versionGroupType = wrapper.xcdatamodel;
		};
/* End XCVersionGroup section */
	};
	rootObject = F2308AF628F4DC7500602699 /* Project object */;
}
